// !$*UTF8*$!
{
	archiveVersion = 1;
	classes = {
	};
	objectVersion = 56;
	objects = {

/* Begin PBXBuildFile section */
		956B2D342A42C92500711C73 /* AppDelegate.swift in Sources */ = {isa = PBXBuildFile; fileRef = 956B2D332A42C92500711C73 /* AppDelegate.swift */; };
		956B2D362A42C92500711C73 /* SceneDelegate.swift in Sources */ = {isa = PBXBuildFile; fileRef = 956B2D352A42C92500711C73 /* SceneDelegate.swift */; };
		956B2D382A42C92500711C73 /* ViewController.swift in Sources */ = {isa = PBXBuildFile; fileRef = 956B2D372A42C92500711C73 /* ViewController.swift */; };
		956B2D3B2A42C92500711C73 /* Main.storyboard in Resources */ = {isa = PBXBuildFile; fileRef = 956B2D392A42C92500711C73 /* Main.storyboard */; };
		956B2D3D2A42C92600711C73 /* Assets.xcassets in Resources */ = {isa = PBXBuildFile; fileRef = 956B2D3C2A42C92600711C73 /* Assets.xcassets */; };
		956B2D402A42C92600711C73 /* LaunchScreen.storyboard in Resources */ = {isa = PBXBuildFile; fileRef = 956B2D3E2A42C92600711C73 /* LaunchScreen.storyboard */; };
		956B2D4B2A42C92600711C73 /* AutolayoutTests.swift in Sources */ = {isa = PBXBuildFile; fileRef = 956B2D4A2A42C92600711C73 /* AutolayoutTests.swift */; };
		956B2D552A42C92600711C73 /* AutolayoutUITests.swift in Sources */ = {isa = PBXBuildFile; fileRef = 956B2D542A42C92600711C73 /* AutolayoutUITests.swift */; };
		956B2D572A42C92600711C73 /* AutolayoutUITestsLaunchTests.swift in Sources */ = {isa = PBXBuildFile; fileRef = 956B2D562A42C92600711C73 /* AutolayoutUITestsLaunchTests.swift */; };
/* End PBXBuildFile section */

/* Begin PBXContainerItemProxy section */
		956B2D472A42C92600711C73 /* PBXContainerItemProxy */ = {
			isa = PBXContainerItemProxy;
			containerPortal = 956B2D282A42C92500711C73 /* Project object */;
			proxyType = 1;
			remoteGlobalIDString = 956B2D2F2A42C92500711C73;
			remoteInfo = Autolayout;
		};
		956B2D512A42C92600711C73 /* PBXContainerItemProxy */ = {
			isa = PBXContainerItemProxy;
			containerPortal = 956B2D282A42C92500711C73 /* Project object */;
			proxyType = 1;
			remoteGlobalIDString = 956B2D2F2A42C92500711C73;
			remoteInfo = Autolayout;
		};
/* End PBXContainerItemProxy section */

/* Begin PBXFileReference section */
		956B2D302A42C92500711C73 /* Autolayout.app */ = {isa = PBXFileReference; explicitFileType = wrapper.application; includeInIndex = 0; path = Autolayout.app; sourceTree = BUILT_PRODUCTS_DIR; };
		956B2D332A42C92500711C73 /* AppDelegate.swift */ = {isa = PBXFileReference; lastKnownFileType = sourcecode.swift; path = AppDelegate.swift; sourceTree = "<group>"; };
		956B2D352A42C92500711C73 /* SceneDelegate.swift */ = {isa = PBXFileReference; lastKnownFileType = sourcecode.swift; path = SceneDelegate.swift; sourceTree = "<group>"; };
		956B2D372A42C92500711C73 /* ViewController.swift */ = {isa = PBXFileReference; lastKnownFileType = sourcecode.swift; path = ViewController.swift; sourceTree = "<group>"; };
		956B2D3A2A42C92500711C73 /* Base */ = {isa = PBXFileReference; lastKnownFileType = file.storyboard; name = Base; path = Base.lproj/Main.storyboard; sourceTree = "<group>"; };
		956B2D3C2A42C92600711C73 /* Assets.xcassets */ = {isa = PBXFileReference; lastKnownFileType = folder.assetcatalog; path = Assets.xcassets; sourceTree = "<group>"; };
		956B2D3F2A42C92600711C73 /* Base */ = {isa = PBXFileReference; lastKnownFileType = file.storyboard; name = Base; path = Base.lproj/LaunchScreen.storyboard; sourceTree = "<group>"; };
		956B2D412A42C92600711C73 /* Info.plist */ = {isa = PBXFileReference; lastKnownFileType = text.plist.xml; path = Info.plist; sourceTree = "<group>"; };
		956B2D462A42C92600711C73 /* AutolayoutTests.xctest */ = {isa = PBXFileReference; explicitFileType = wrapper.cfbundle; includeInIndex = 0; path = AutolayoutTests.xctest; sourceTree = BUILT_PRODUCTS_DIR; };
		956B2D4A2A42C92600711C73 /* AutolayoutTests.swift */ = {isa = PBXFileReference; lastKnownFileType = sourcecode.swift; path = AutolayoutTests.swift; sourceTree = "<group>"; };
		956B2D502A42C92600711C73 /* AutolayoutUITests.xctest */ = {isa = PBXFileReference; explicitFileType = wrapper.cfbundle; includeInIndex = 0; path = AutolayoutUITests.xctest; sourceTree = BUILT_PRODUCTS_DIR; };
		956B2D542A42C92600711C73 /* AutolayoutUITests.swift */ = {isa = PBXFileReference; lastKnownFileType = sourcecode.swift; path = AutolayoutUITests.swift; sourceTree = "<group>"; };
		956B2D562A42C92600711C73 /* AutolayoutUITestsLaunchTests.swift */ = {isa = PBXFileReference; lastKnownFileType = sourcecode.swift; path = AutolayoutUITestsLaunchTests.swift; sourceTree = "<group>"; };
/* End PBXFileReference section */

/* Begin PBXFrameworksBuildPhase section */
		956B2D2D2A42C92500711C73 /* Frameworks */ = {
			isa = PBXFrameworksBuildPhase;
			buildActionMask = 2147483647;
			files = (
			);
			runOnlyForDeploymentPostprocessing = 0;
		};
		956B2D432A42C92600711C73 /* Frameworks */ = {
			isa = PBXFrameworksBuildPhase;
			buildActionMask = 2147483647;
			files = (
			);
			runOnlyForDeploymentPostprocessing = 0;
		};
		956B2D4D2A42C92600711C73 /* Frameworks */ = {
			isa = PBXFrameworksBuildPhase;
			buildActionMask = 2147483647;
			files = (
			);
			runOnlyForDeploymentPostprocessing = 0;
		};
/* End PBXFrameworksBuildPhase section */

/* Begin PBXGroup section */
		956B2D272A42C92500711C73 = {
			isa = PBXGroup;
			children = (
				956B2D322A42C92500711C73 /* Autolayout */,
				956B2D492A42C92600711C73 /* AutolayoutTests */,
				956B2D532A42C92600711C73 /* AutolayoutUITests */,
				956B2D312A42C92500711C73 /* Products */,
			);
			sourceTree = "<group>";
		};
		956B2D312A42C92500711C73 /* Products */ = {
			isa = PBXGroup;
			children = (
				956B2D302A42C92500711C73 /* Autolayout.app */,
				956B2D462A42C92600711C73 /* AutolayoutTests.xctest */,
				956B2D502A42C92600711C73 /* AutolayoutUITests.xctest */,
			);
			name = Products;
			sourceTree = "<group>";
		};
		956B2D322A42C92500711C73 /* Autolayout */ = {
			isa = PBXGroup;
			children = (
				956B2D332A42C92500711C73 /* AppDelegate.swift */,
				956B2D352A42C92500711C73 /* SceneDelegate.swift */,
				956B2D372A42C92500711C73 /* ViewController.swift */,
				956B2D392A42C92500711C73 /* Main.storyboard */,
				956B2D3C2A42C92600711C73 /* Assets.xcassets */,
				956B2D3E2A42C92600711C73 /* LaunchScreen.storyboard */,
				956B2D412A42C92600711C73 /* Info.plist */,
			);
			path = Autolayout;
			sourceTree = "<group>";
		};
		956B2D492A42C92600711C73 /* AutolayoutTests */ = {
			isa = PBXGroup;
			children = (
				956B2D4A2A42C92600711C73 /* AutolayoutTests.swift */,
			);
			path = AutolayoutTests;
			sourceTree = "<group>";
		};
		956B2D532A42C92600711C73 /* AutolayoutUITests */ = {
			isa = PBXGroup;
			children = (
				956B2D542A42C92600711C73 /* AutolayoutUITests.swift */,
				956B2D562A42C92600711C73 /* AutolayoutUITestsLaunchTests.swift */,
			);
			path = AutolayoutUITests;
			sourceTree = "<group>";
		};
/* End PBXGroup section */

/* Begin PBXNativeTarget section */
		956B2D2F2A42C92500711C73 /* Autolayout */ = {
			isa = PBXNativeTarget;
			buildConfigurationList = 956B2D5A2A42C92600711C73 /* Build configuration list for PBXNativeTarget "Autolayout" */;
			buildPhases = (
				956B2D2C2A42C92500711C73 /* Sources */,
				956B2D2D2A42C92500711C73 /* Frameworks */,
				956B2D2E2A42C92500711C73 /* Resources */,
			);
			buildRules = (
			);
			dependencies = (
			);
			name = Autolayout;
			productName = Autolayout;
			productReference = 956B2D302A42C92500711C73 /* Autolayout.app */;
			productType = "com.apple.product-type.application";
		};
		956B2D452A42C92600711C73 /* AutolayoutTests */ = {
			isa = PBXNativeTarget;
			buildConfigurationList = 956B2D5D2A42C92600711C73 /* Build configuration list for PBXNativeTarget "AutolayoutTests" */;
			buildPhases = (
				956B2D422A42C92600711C73 /* Sources */,
				956B2D432A42C92600711C73 /* Frameworks */,
				956B2D442A42C92600711C73 /* Resources */,
			);
			buildRules = (
			);
			dependencies = (
				956B2D482A42C92600711C73 /* PBXTargetDependency */,
			);
			name = AutolayoutTests;
			productName = AutolayoutTests;
			productReference = 956B2D462A42C92600711C73 /* AutolayoutTests.xctest */;
			productType = "com.apple.product-type.bundle.unit-test";
		};
		956B2D4F2A42C92600711C73 /* AutolayoutUITests */ = {
			isa = PBXNativeTarget;
			buildConfigurationList = 956B2D602A42C92600711C73 /* Build configuration list for PBXNativeTarget "AutolayoutUITests" */;
			buildPhases = (
				956B2D4C2A42C92600711C73 /* Sources */,
				956B2D4D2A42C92600711C73 /* Frameworks */,
				956B2D4E2A42C92600711C73 /* Resources */,
			);
			buildRules = (
			);
			dependencies = (
				956B2D522A42C92600711C73 /* PBXTargetDependency */,
			);
			name = AutolayoutUITests;
			productName = AutolayoutUITests;
			productReference = 956B2D502A42C92600711C73 /* AutolayoutUITests.xctest */;
			productType = "com.apple.product-type.bundle.ui-testing";
		};
/* End PBXNativeTarget section */

/* Begin PBXProject section */
		956B2D282A42C92500711C73 /* Project object */ = {
			isa = PBXProject;
			attributes = {
				BuildIndependentTargetsInParallel = 1;
				LastSwiftUpdateCheck = 1430;
				LastUpgradeCheck = 1430;
				TargetAttributes = {
					956B2D2F2A42C92500711C73 = {
						CreatedOnToolsVersion = 14.3.1;
					};
					956B2D452A42C92600711C73 = {
						CreatedOnToolsVersion = 14.3.1;
						TestTargetID = 956B2D2F2A42C92500711C73;
					};
					956B2D4F2A42C92600711C73 = {
						CreatedOnToolsVersion = 14.3.1;
						TestTargetID = 956B2D2F2A42C92500711C73;
					};
				};
			};
			buildConfigurationList = 956B2D2B2A42C92500711C73 /* Build configuration list for PBXProject "Autolayout" */;
			compatibilityVersion = "Xcode 14.0";
			developmentRegion = en;
			hasScannedForEncodings = 0;
			knownRegions = (
				en,
				Base,
			);
			mainGroup = 956B2D272A42C92500711C73;
			productRefGroup = 956B2D312A42C92500711C73 /* Products */;
			projectDirPath = "";
			projectRoot = "";
			targets = (
				956B2D2F2A42C92500711C73 /* Autolayout */,
				956B2D452A42C92600711C73 /* AutolayoutTests */,
				956B2D4F2A42C92600711C73 /* AutolayoutUITests */,
			);
		};
/* End PBXProject section */

/* Begin PBXResourcesBuildPhase section */
		956B2D2E2A42C92500711C73 /* Resources */ = {
			isa = PBXResourcesBuildPhase;
			buildActionMask = 2147483647;
			files = (
				956B2D402A42C92600711C73 /* LaunchScreen.storyboard in Resources */,
				956B2D3D2A42C92600711C73 /* Assets.xcassets in Resources */,
				956B2D3B2A42C92500711C73 /* Main.storyboard in Resources */,
			);
			runOnlyForDeploymentPostprocessing = 0;
		};
		956B2D442A42C92600711C73 /* Resources */ = {
			isa = PBXResourcesBuildPhase;
			buildActionMask = 2147483647;
			files = (
			);
			runOnlyForDeploymentPostprocessing = 0;
		};
		956B2D4E2A42C92600711C73 /* Resources */ = {
			isa = PBXResourcesBuildPhase;
			buildActionMask = 2147483647;
			files = (
			);
			runOnlyForDeploymentPostprocessing = 0;
		};
/* End PBXResourcesBuildPhase section */

/* Begin PBXSourcesBuildPhase section */
		956B2D2C2A42C92500711C73 /* Sources */ = {
			isa = PBXSourcesBuildPhase;
			buildActionMask = 2147483647;
			files = (
				956B2D382A42C92500711C73 /* ViewController.swift in Sources */,
				956B2D342A42C92500711C73 /* AppDelegate.swift in Sources */,
				956B2D362A42C92500711C73 /* SceneDelegate.swift in Sources */,
			);
			runOnlyForDeploymentPostprocessing = 0;
		};
		956B2D422A42C92600711C73 /* Sources */ = {
			isa = PBXSourcesBuildPhase;
			buildActionMask = 2147483647;
			files = (
				956B2D4B2A42C92600711C73 /* AutolayoutTests.swift in Sources */,
			);
			runOnlyForDeploymentPostprocessing = 0;
		};
		956B2D4C2A42C92600711C73 /* Sources */ = {
			isa = PBXSourcesBuildPhase;
			buildActionMask = 2147483647;
			files = (
				956B2D552A42C92600711C73 /* AutolayoutUITests.swift in Sources */,
				956B2D572A42C92600711C73 /* AutolayoutUITestsLaunchTests.swift in Sources */,
			);
			runOnlyForDeploymentPostprocessing = 0;
		};
/* End PBXSourcesBuildPhase section */

/* Begin PBXTargetDependency section */
		956B2D482A42C92600711C73 /* PBXTargetDependency */ = {
			isa = PBXTargetDependency;
			target = 956B2D2F2A42C92500711C73 /* Autolayout */;
			targetProxy = 956B2D472A42C92600711C73 /* PBXContainerItemProxy */;
		};
		956B2D522A42C92600711C73 /* PBXTargetDependency */ = {
			isa = PBXTargetDependency;
			target = 956B2D2F2A42C92500711C73 /* Autolayout */;
			targetProxy = 956B2D512A42C92600711C73 /* PBXContainerItemProxy */;
		};
/* End PBXTargetDependency section */

/* Begin PBXVariantGroup section */
		956B2D392A42C92500711C73 /* Main.storyboard */ = {
			isa = PBXVariantGroup;
			children = (
				956B2D3A2A42C92500711C73 /* Base */,
			);
			name = Main.storyboard;
			sourceTree = "<group>";
		};
		956B2D3E2A42C92600711C73 /* LaunchScreen.storyboard */ = {
			isa = PBXVariantGroup;
			children = (
				956B2D3F2A42C92600711C73 /* Base */,
			);
			name = LaunchScreen.storyboard;
			sourceTree = "<group>";
		};
/* End PBXVariantGroup section */

/* Begin XCBuildConfiguration section */
		956B2D582A42C92600711C73 /* Debug */ = {
			isa = XCBuildConfiguration;
			buildSettings = {
				ALWAYS_SEARCH_USER_PATHS = NO;
				CLANG_ANALYZER_NONNULL = YES;
				CLANG_ANALYZER_NUMBER_OBJECT_CONVERSION = YES_AGGRESSIVE;
				CLANG_CXX_LANGUAGE_STANDARD = "gnu++20";
				CLANG_ENABLE_MODULES = YES;
				CLANG_ENABLE_OBJC_ARC = YES;
				CLANG_ENABLE_OBJC_WEAK = YES;
				CLANG_WARN_BLOCK_CAPTURE_AUTORELEASING = YES;
				CLANG_WARN_BOOL_CONVERSION = YES;
				CLANG_WARN_COMMA = YES;
				CLANG_WARN_CONSTANT_CONVERSION = YES;
				CLANG_WARN_DEPRECATED_OBJC_IMPLEMENTATIONS = YES;
				CLANG_WARN_DIRECT_OBJC_ISA_USAGE = YES_ERROR;
				CLANG_WARN_DOCUMENTATION_COMMENTS = YES;
				CLANG_WARN_EMPTY_BODY = YES;
				CLANG_WARN_ENUM_CONVERSION = YES;
				CLANG_WARN_INFINITE_RECURSION = YES;
				CLANG_WARN_INT_CONVERSION = YES;
				CLANG_WARN_NON_LITERAL_NULL_CONVERSION = YES;
				CLANG_WARN_OBJC_IMPLICIT_RETAIN_SELF = YES;
				CLANG_WARN_OBJC_LITERAL_CONVERSION = YES;
				CLANG_WARN_OBJC_ROOT_CLASS = YES_ERROR;
				CLANG_WARN_QUOTED_INCLUDE_IN_FRAMEWORK_HEADER = YES;
				CLANG_WARN_RANGE_LOOP_ANALYSIS = YES;
				CLANG_WARN_STRICT_PROTOTYPES = YES;
				CLANG_WARN_SUSPICIOUS_MOVE = YES;
				CLANG_WARN_UNGUARDED_AVAILABILITY = YES_AGGRESSIVE;
				CLANG_WARN_UNREACHABLE_CODE = YES;
				CLANG_WARN__DUPLICATE_METHOD_MATCH = YES;
				COPY_PHASE_STRIP = NO;
				DEBUG_INFORMATION_FORMAT = dwarf;
				ENABLE_STRICT_OBJC_MSGSEND = YES;
				ENABLE_TESTABILITY = YES;
				GCC_C_LANGUAGE_STANDARD = gnu11;
				GCC_DYNAMIC_NO_PIC = NO;
				GCC_NO_COMMON_BLOCKS = YES;
				GCC_OPTIMIZATION_LEVEL = 0;
				GCC_PREPROCESSOR_DEFINITIONS = (
					"DEBUG=1",
					"$(inherited)",
				);
				GCC_WARN_64_TO_32_BIT_CONVERSION = YES;
				GCC_WARN_ABOUT_RETURN_TYPE = YES_ERROR;
				GCC_WARN_UNDECLARED_SELECTOR = YES;
				GCC_WARN_UNINITIALIZED_AUTOS = YES_AGGRESSIVE;
				GCC_WARN_UNUSED_FUNCTION = YES;
				GCC_WARN_UNUSED_VARIABLE = YES;
				IPHONEOS_DEPLOYMENT_TARGET = 16.4;
				MTL_ENABLE_DEBUG_INFO = INCLUDE_SOURCE;
				MTL_FAST_MATH = YES;
				ONLY_ACTIVE_ARCH = YES;
				SDKROOT = iphoneos;
				SWIFT_ACTIVE_COMPILATION_CONDITIONS = DEBUG;
				SWIFT_OPTIMIZATION_LEVEL = "-Onone";
			};
			name = Debug;
		};
		956B2D592A42C92600711C73 /* Release */ = {
			isa = XCBuildConfiguration;
			buildSettings = {
				ALWAYS_SEARCH_USER_PATHS = NO;
				CLANG_ANALYZER_NONNULL = YES;
				CLANG_ANALYZER_NUMBER_OBJECT_CONVERSION = YES_AGGRESSIVE;
				CLANG_CXX_LANGUAGE_STANDARD = "gnu++20";
				CLANG_ENABLE_MODULES = YES;
				CLANG_ENABLE_OBJC_ARC = YES;
				CLANG_ENABLE_OBJC_WEAK = YES;
				CLANG_WARN_BLOCK_CAPTURE_AUTORELEASING = YES;
				CLANG_WARN_BOOL_CONVERSION = YES;
				CLANG_WARN_COMMA = YES;
				CLANG_WARN_CONSTANT_CONVERSION = YES;
				CLANG_WARN_DEPRECATED_OBJC_IMPLEMENTATIONS = YES;
				CLANG_WARN_DIRECT_OBJC_ISA_USAGE = YES_ERROR;
				CLANG_WARN_DOCUMENTATION_COMMENTS = YES;
				CLANG_WARN_EMPTY_BODY = YES;
				CLANG_WARN_ENUM_CONVERSION = YES;
				CLANG_WARN_INFINITE_RECURSION = YES;
				CLANG_WARN_INT_CONVERSION = YES;
				CLANG_WARN_NON_LITERAL_NULL_CONVERSION = YES;
				CLANG_WARN_OBJC_IMPLICIT_RETAIN_SELF = YES;
				CLANG_WARN_OBJC_LITERAL_CONVERSION = YES;
				CLANG_WARN_OBJC_ROOT_CLASS = YES_ERROR;
				CLANG_WARN_QUOTED_INCLUDE_IN_FRAMEWORK_HEADER = YES;
				CLANG_WARN_RANGE_LOOP_ANALYSIS = YES;
				CLANG_WARN_STRICT_PROTOTYPES = YES;
				CLANG_WARN_SUSPICIOUS_MOVE = YES;
				CLANG_WARN_UNGUARDED_AVAILABILITY = YES_AGGRESSIVE;
				CLANG_WARN_UNREACHABLE_CODE = YES;
				CLANG_WARN__DUPLICATE_METHOD_MATCH = YES;
				COPY_PHASE_STRIP = NO;
				DEBUG_INFORMATION_FORMAT = "dwarf-with-dsym";
				ENABLE_NS_ASSERTIONS = NO;
				ENABLE_STRICT_OBJC_MSGSEND = YES;
				GCC_C_LANGUAGE_STANDARD = gnu11;
				GCC_NO_COMMON_BLOCKS = YES;
				GCC_WARN_64_TO_32_BIT_CONVERSION = YES;
				GCC_WARN_ABOUT_RETURN_TYPE = YES_ERROR;
				GCC_WARN_UNDECLARED_SELECTOR = YES;
				GCC_WARN_UNINITIALIZED_AUTOS = YES_AGGRESSIVE;
				GCC_WARN_UNUSED_FUNCTION = YES;
				GCC_WARN_UNUSED_VARIABLE = YES;
				IPHONEOS_DEPLOYMENT_TARGET = 16.4;
				MTL_ENABLE_DEBUG_INFO = NO;
				MTL_FAST_MATH = YES;
				SDKROOT = iphoneos;
				SWIFT_COMPILATION_MODE = wholemodule;
				SWIFT_OPTIMIZATION_LEVEL = "-O";
				VALIDATE_PRODUCT = YES;
			};
			name = Release;
		};
		956B2D5B2A42C92600711C73 /* Debug */ = {
			isa = XCBuildConfiguration;
			buildSettings = {
				ASSETCATALOG_COMPILER_APPICON_NAME = AppIcon;
				ASSETCATALOG_COMPILER_GLOBAL_ACCENT_COLOR_NAME = AccentColor;
				CODE_SIGN_STYLE = Automatic;
				CURRENT_PROJECT_VERSION = 1;
				DEVELOPMENT_TEAM = 57PT3R2QQF;
				GENERATE_INFOPLIST_FILE = YES;
				INFOPLIST_FILE = Autolayout/Info.plist;
				INFOPLIST_KEY_UIApplicationSupportsIndirectInputEvents = YES;
				INFOPLIST_KEY_UILaunchStoryboardName = LaunchScreen;
				INFOPLIST_KEY_UIMainStoryboardFile = Main;
				INFOPLIST_KEY_UISupportedInterfaceOrientations_iPad = "UIInterfaceOrientationPortrait UIInterfaceOrientationPortraitUpsideDown UIInterfaceOrientationLandscapeLeft UIInterfaceOrientationLandscapeRight";
				INFOPLIST_KEY_UISupportedInterfaceOrientations_iPhone = "UIInterfaceOrientationPortrait UIInterfaceOrientationLandscapeLeft UIInterfaceOrientationLandscapeRight";
				LD_RUNPATH_SEARCH_PATHS = (
					"$(inherited)",
					"@executable_path/Frameworks",
				);
				MARKETING_VERSION = 1.0;
				PRODUCT_BUNDLE_IDENTIFIER = com.kikuchihara.Autolayout;
				PRODUCT_NAME = "$(TARGET_NAME)";
				SWIFT_EMIT_LOC_STRINGS = YES;
				SWIFT_VERSION = 5.0;
				TARGETED_DEVICE_FAMILY = "1,2";
			};
			name = Debug;
		};
		956B2D5C2A42C92600711C73 /* Release */ = {
			isa = XCBuildConfiguration;
			buildSettings = {
				ASSETCATALOG_COMPILER_APPICON_NAME = AppIcon;
				ASSETCATALOG_COMPILER_GLOBAL_ACCENT_COLOR_NAME = AccentColor;
				CODE_SIGN_STYLE = Automatic;
				CURRENT_PROJECT_VERSION = 1;
				DEVELOPMENT_TEAM = 57PT3R2QQF;
				GENERATE_INFOPLIST_FILE = YES;
				INFOPLIST_FILE = Autolayout/Info.plist;
				INFOPLIST_KEY_UIApplicationSupportsIndirectInputEvents = YES;
				INFOPLIST_KEY_UILaunchStoryboardName = LaunchScreen;
				INFOPLIST_KEY_UIMainStoryboardFile = Main;
				INFOPLIST_KEY_UISupportedInterfaceOrientations_iPad = "UIInterfaceOrientationPortrait UIInterfaceOrientationPortraitUpsideDown UIInterfaceOrientationLandscapeLeft UIInterfaceOrientationLandscapeRight";
				INFOPLIST_KEY_UISupportedInterfaceOrientations_iPhone = "UIInterfaceOrientationPortrait UIInterfaceOrientationLandscapeLeft UIInterfaceOrientationLandscapeRight";
				LD_RUNPATH_SEARCH_PATHS = (
					"$(inherited)",
					"@executable_path/Frameworks",
				);
				MARKETING_VERSION = 1.0;
				PRODUCT_BUNDLE_IDENTIFIER = com.kikuchihara.Autolayout;
				PRODUCT_NAME = "$(TARGET_NAME)";
				SWIFT_EMIT_LOC_STRINGS = YES;
				SWIFT_VERSION = 5.0;
				TARGETED_DEVICE_FAMILY = "1,2";
			};
			name = Release;
		};
		956B2D5E2A42C92600711C73 /* Debug */ = {
			isa = XCBuildConfiguration;
			buildSettings = {
				ALWAYS_EMBED_SWIFT_STANDARD_LIBRARIES = YES;
				BUNDLE_LOADER = "$(TEST_HOST)";
				CODE_SIGN_STYLE = Automatic;
				CURRENT_PROJECT_VERSION = 1;
				DEVELOPMENT_TEAM = 57PT3R2QQF;
				GENERATE_INFOPLIST_FILE = YES;
				IPHONEOS_DEPLOYMENT_TARGET = 16.4;
				MARKETING_VERSION = 1.0;
				PRODUCT_BUNDLE_IDENTIFIER = com.kikuchihara.AutolayoutTests;
				PRODUCT_NAME = "$(TARGET_NAME)";
				SWIFT_EMIT_LOC_STRINGS = NO;
				SWIFT_VERSION = 5.0;
				TARGETED_DEVICE_FAMILY = "1,2";
				TEST_HOST = "$(BUILT_PRODUCTS_DIR)/Autolayout.app/$(BUNDLE_EXECUTABLE_FOLDER_PATH)/Autolayout";
			};
			name = Debug;
		};
		956B2D5F2A42C92600711C73 /* Release */ = {
			isa = XCBuildConfiguration;
			buildSettings = {
				ALWAYS_EMBED_SWIFT_STANDARD_LIBRARIES = YES;
				BUNDLE_LOADER = "$(TEST_HOST)";
				CODE_SIGN_STYLE = Automatic;
				CURRENT_PROJECT_VERSION = 1;
				DEVELOPMENT_TEAM = 57PT3R2QQF;
				GENERATE_INFOPLIST_FILE = YES;
				IPHONEOS_DEPLOYMENT_TARGET = 16.4;
				MARKETING_VERSION = 1.0;
				PRODUCT_BUNDLE_IDENTIFIER = com.kikuchihara.AutolayoutTests;
				PRODUCT_NAME = "$(TARGET_NAME)";
				SWIFT_EMIT_LOC_STRINGS = NO;
				SWIFT_VERSION = 5.0;
				TARGETED_DEVICE_FAMILY = "1,2";
				TEST_HOST = "$(BUILT_PRODUCTS_DIR)/Autolayout.app/$(BUNDLE_EXECUTABLE_FOLDER_PATH)/Autolayout";
			};
			name = Release;
		};
		956B2D612A42C92600711C73 /* Debug */ = {
			isa = XCBuildConfiguration;
			buildSettings = {
				ALWAYS_EMBED_SWIFT_STANDARD_LIBRARIES = YES;
				CODE_SIGN_STYLE = Automatic;
				CURRENT_PROJECT_VERSION = 1;
				DEVELOPMENT_TEAM = 57PT3R2QQF;
				GENERATE_INFOPLIST_FILE = YES;
				MARKETING_VERSION = 1.0;
				PRODUCT_BUNDLE_IDENTIFIER = com.kikuchihara.AutolayoutUITests;
				PRODUCT_NAME = "$(TARGET_NAME)";
				SWIFT_EMIT_LOC_STRINGS = NO;
				SWIFT_VERSION = 5.0;
				TARGETED_DEVICE_FAMILY = "1,2";
				TEST_TARGET_NAME = Autolayout;
			};
			name = Debug;
		};
		956B2D622A42C92600711C73 /* Release */ = {
			isa = XCBuildConfiguration;
			buildSettings = {
				ALWAYS_EMBED_SWIFT_STANDARD_LIBRARIES = YES;
				CODE_SIGN_STYLE = Automatic;
				CURRENT_PROJECT_VERSION = 1;
				DEVELOPMENT_TEAM = 57PT3R2QQF;
				GENERATE_INFOPLIST_FILE = YES;
				MARKETING_VERSION = 1.0;
				PRODUCT_BUNDLE_IDENTIFIER = com.kikuchihara.AutolayoutUITests;
				PRODUCT_NAME = "$(TARGET_NAME)";
				SWIFT_EMIT_LOC_STRINGS = NO;
				SWIFT_VERSION = 5.0;
				TARGETED_DEVICE_FAMILY = "1,2";
				TEST_TARGET_NAME = Autolayout;
			};
			name = Release;
		};
/* End XCBuildConfiguration section */

/* Begin XCConfigurationList section */
		956B2D2B2A42C92500711C73 /* Build configuration list for PBXProject "Autolayout" */ = {
			isa = XCConfigurationList;
			buildConfigurations = (
				956B2D582A42C92600711C73 /* Debug */,
				956B2D592A42C92600711C73 /* Release */,
			);
			defaultConfigurationIsVisible = 0;
			defaultConfigurationName = Release;
		};
		956B2D5A2A42C92600711C73 /* Build configuration list for PBXNativeTarget "Autolayout" */ = {
			isa = XCConfigurationList;
			buildConfigurations = (
				956B2D5B2A42C92600711C73 /* Debug */,
				956B2D5C2A42C92600711C73 /* Release */,
			);
			defaultConfigurationIsVisible = 0;
			defaultConfigurationName = Release;
		};
		956B2D5D2A42C92600711C73 /* Build configuration list for PBXNativeTarget "AutolayoutTests" */ = {
			isa = XCConfigurationList;
			buildConfigurations = (
				956B2D5E2A42C92600711C73 /* Debug */,
				956B2D5F2A42C92600711C73 /* Release */,
			);
			defaultConfigurationIsVisible = 0;
			defaultConfigurationName = Release;
		};
		956B2D602A42C92600711C73 /* Build configuration list for PBXNativeTarget "AutolayoutUITests" */ = {
			isa = XCConfigurationList;
			buildConfigurations = (
				956B2D612A42C92600711C73 /* Debug */,
				956B2D622A42C92600711C73 /* Release */,
			);
			defaultConfigurationIsVisible = 0;
			defaultConfigurationName = Release;
		};
/* End XCConfigurationList section */
	};
	rootObject = 956B2D282A42C92500711C73 /* Project object */;
}
